
Microsoft Visual Studio Solution File, Format Version 12.00
Project("{FAE04EC0-301F-11D3-BF4B-00C04F79EFBC}") = "SberBullsCows", "SberBullsCows\SberBullsCows.csproj", "{4EA23395-D892-45D7-8A69-E6189D77AF8B}"
EndProject
Global
	GlobalSection(SolutionConfigurationPlatforms) = preSolution
		Debug|Any CPU = Debug|Any CPU
		Release|Any CPU = Release|Any CPU
	EndGlobalSection
	GlobalSection(ProjectConfigurationPlatforms) = postSolution
		{4EA23395-D892-45D7-8A69-E6189D77AF8B}.Debug|Any CPU.ActiveCfg = Debug|Any CPU
		{4EA23395-D892-45D7-8A69-E6189D77AF8B}.Debug|Any CPU.Build.0 = Debug|Any CPU
		{4EA23395-D892-45D7-8A69-E6189D77AF8B}.Release|Any CPU.ActiveCfg = Release|Any CPU
		{4EA23395-D892-45D7-8A69-E6189D77AF8B}.Release|Any CPU.Build.0 = Release|Any CPU
		{EE7D465B-D99F-450A-9C6F-F66140568B97}.Debug|Any CPU.ActiveCfg = Debug|Any CPU
		{EE7D465B-D99F-450A-9C6F-F66140568B97}.Debug|Any CPU.Build.0 = Debug|Any CPU
		{EE7D465B-D99F-450A-9C6F-F66140568B97}.Release|Any CPU.ActiveCfg = Release|Any CPU
		{EE7D465B-D99F-450A-9C6F-F66140568B97}.Release|Any CPU.Build.0 = Release|Any CPU
	EndGlobalSection
EndGlobal
